// !$*UTF8*$!
{
	archiveVersion = 1;
	classes = {
	};
	objectVersion = 55;
	objects = {

/* Begin PBXBuildFile section */
		BEB8F0A026BC370D00702BB5 /* FloatingMapButtons.swift in Sources */ = {isa = PBXBuildFile; fileRef = BEB8F09F26BC370C00702BB5 /* FloatingMapButtons.swift */; };
		BEB8F0A526BC383600702BB5 /* Blur.swift in Sources */ = {isa = PBXBuildFile; fileRef = BEB8F0A426BC383600702BB5 /* Blur.swift */; };
		BEB8F0A826BC607500702BB5 /* FilterWorkouts.swift in Sources */ = {isa = PBXBuildFile; fileRef = BEB8F0A726BC607500702BB5 /* FilterWorkouts.swift */; };
		BEB8F0AA26BC61B100702BB5 /* DistanceFilterView.swift in Sources */ = {isa = PBXBuildFile; fileRef = BEB8F0A926BC61B100702BB5 /* DistanceFilterView.swift */; };
		BEB8F0AC26BC627800702BB5 /* RouteFilter.swift in Sources */ = {isa = PBXBuildFile; fileRef = BEB8F0AB26BC627800702BB5 /* RouteFilter.swift */; };
		BEB8F0AE26BC628900702BB5 /* RouteFilterType.swift in Sources */ = {isa = PBXBuildFile; fileRef = BEB8F0AD26BC628900702BB5 /* RouteFilterType.swift */; };
		BECFC09326BAC4A7005CC3AE /* RouteMapApp.swift in Sources */ = {isa = PBXBuildFile; fileRef = BECFC09226BAC4A7005CC3AE /* RouteMapApp.swift */; };
		BECFC09726BAC4AA005CC3AE /* Assets.xcassets in Resources */ = {isa = PBXBuildFile; fileRef = BECFC09626BAC4AA005CC3AE /* Assets.xcassets */; };
		BECFC0AF26BBEEAC005CC3AE /* Coordinate.swift in Sources */ = {isa = PBXBuildFile; fileRef = BECFC0AE26BBEEAC005CC3AE /* Coordinate.swift */; };
		BECFC0B126BBEF43005CC3AE /* Church.swift in Sources */ = {isa = PBXBuildFile; fileRef = BECFC0B026BBEF43005CC3AE /* Church.swift */; };
		BECFC0B426BBFFF5005CC3AE /* UIColor.swift in Sources */ = {isa = PBXBuildFile; fileRef = BECFC0B326BBFFF5005CC3AE /* UIColor.swift */; };
		BECFC0B626BC0175005CC3AE /* Route.swift in Sources */ = {isa = PBXBuildFile; fileRef = BECFC0B526BC0175005CC3AE /* Route.swift */; };
		BECFC0B826BC0355005CC3AE /* RoutesVM.swift in Sources */ = {isa = PBXBuildFile; fileRef = BECFC0B726BC0355005CC3AE /* RoutesVM.swift */; };
		BECFC0BE26BC1A7A005CC3AE /* RootView.swift in Sources */ = {isa = PBXBuildFile; fileRef = BECFC0BD26BC1A7A005CC3AE /* RootView.swift */; };
		BECFC0C226BC1D22005CC3AE /* MapView.swift in Sources */ = {isa = PBXBuildFile; fileRef = BECFC0C126BC1D22005CC3AE /* MapView.swift */; };
		BECFC0C426BC1DBC005CC3AE /* MapVM.swift in Sources */ = {isa = PBXBuildFile; fileRef = BECFC0C326BC1DBC005CC3AE /* MapVM.swift */; };
		BECFC0C726BC1E00005CC3AE /* RoutesSearchState.swift in Sources */ = {isa = PBXBuildFile; fileRef = BECFC0C626BC1E00005CC3AE /* RoutesSearchState.swift */; };
		BECFC0C926BC1E49005CC3AE /* Polyline.swift in Sources */ = {isa = PBXBuildFile; fileRef = BECFC0C826BC1E49005CC3AE /* Polyline.swift */; };
		BECFC0CD26BC20B9005CC3AE /* RoutesSortBy.swift in Sources */ = {isa = PBXBuildFile; fileRef = BECFC0CC26BC20B9005CC3AE /* RoutesSortBy.swift */; };
		BECFC0CF26BC20C5005CC3AE /* RoutesShown.swift in Sources */ = {isa = PBXBuildFile; fileRef = BECFC0CE26BC20C5005CC3AE /* RoutesShown.swift */; };
		BECFC0D326BC2CAC005CC3AE /* FindRoutePointer.swift in Sources */ = {isa = PBXBuildFile; fileRef = BECFC0D226BC2CAC005CC3AE /* FindRoutePointer.swift */; };
/* End PBXBuildFile section */

/* Begin PBXFileReference section */
		BEB8F09F26BC370C00702BB5 /* FloatingMapButtons.swift */ = {isa = PBXFileReference; fileEncoding = 4; lastKnownFileType = sourcecode.swift; path = FloatingMapButtons.swift; sourceTree = "<group>"; };
		BEB8F0A426BC383600702BB5 /* Blur.swift */ = {isa = PBXFileReference; lastKnownFileType = sourcecode.swift; path = Blur.swift; sourceTree = "<group>"; };
		BEB8F0A726BC607500702BB5 /* FilterWorkouts.swift */ = {isa = PBXFileReference; fileEncoding = 4; lastKnownFileType = sourcecode.swift; path = FilterWorkouts.swift; sourceTree = "<group>"; };
		BEB8F0A926BC61B100702BB5 /* DistanceFilterView.swift */ = {isa = PBXFileReference; fileEncoding = 4; lastKnownFileType = sourcecode.swift; path = DistanceFilterView.swift; sourceTree = "<group>"; };
		BEB8F0AB26BC627800702BB5 /* RouteFilter.swift */ = {isa = PBXFileReference; fileEncoding = 4; lastKnownFileType = sourcecode.swift; path = RouteFilter.swift; sourceTree = "<group>"; };
		BEB8F0AD26BC628900702BB5 /* RouteFilterType.swift */ = {isa = PBXFileReference; fileEncoding = 4; lastKnownFileType = sourcecode.swift; path = RouteFilterType.swift; sourceTree = "<group>"; };
		BECFC08F26BAC4A7005CC3AE /* RouteMap.app */ = {isa = PBXFileReference; explicitFileType = wrapper.application; includeInIndex = 0; path = RouteMap.app; sourceTree = BUILT_PRODUCTS_DIR; };
		BECFC09226BAC4A7005CC3AE /* RouteMapApp.swift */ = {isa = PBXFileReference; lastKnownFileType = sourcecode.swift; path = RouteMapApp.swift; sourceTree = "<group>"; };
		BECFC09626BAC4AA005CC3AE /* Assets.xcassets */ = {isa = PBXFileReference; lastKnownFileType = folder.assetcatalog; path = Assets.xcassets; sourceTree = "<group>"; };
		BECFC0AE26BBEEAC005CC3AE /* Coordinate.swift */ = {isa = PBXFileReference; lastKnownFileType = sourcecode.swift; path = Coordinate.swift; sourceTree = "<group>"; };
		BECFC0B026BBEF43005CC3AE /* Church.swift */ = {isa = PBXFileReference; lastKnownFileType = sourcecode.swift; path = Church.swift; sourceTree = "<group>"; };
		BECFC0B326BBFFF5005CC3AE /* UIColor.swift */ = {isa = PBXFileReference; lastKnownFileType = sourcecode.swift; path = UIColor.swift; sourceTree = "<group>"; };
		BECFC0B526BC0175005CC3AE /* Route.swift */ = {isa = PBXFileReference; lastKnownFileType = sourcecode.swift; path = Route.swift; sourceTree = "<group>"; };
		BECFC0B726BC0355005CC3AE /* RoutesVM.swift */ = {isa = PBXFileReference; lastKnownFileType = sourcecode.swift; path = RoutesVM.swift; sourceTree = "<group>"; };
		BECFC0BD26BC1A7A005CC3AE /* RootView.swift */ = {isa = PBXFileReference; lastKnownFileType = sourcecode.swift; path = RootView.swift; sourceTree = "<group>"; };
		BECFC0C126BC1D22005CC3AE /* MapView.swift */ = {isa = PBXFileReference; fileEncoding = 4; lastKnownFileType = sourcecode.swift; path = MapView.swift; sourceTree = "<group>"; };
		BECFC0C326BC1DBC005CC3AE /* MapVM.swift */ = {isa = PBXFileReference; fileEncoding = 4; lastKnownFileType = sourcecode.swift; path = MapVM.swift; sourceTree = "<group>"; };
		BECFC0C626BC1E00005CC3AE /* RoutesSearchState.swift */ = {isa = PBXFileReference; fileEncoding = 4; lastKnownFileType = sourcecode.swift; path = RoutesSearchState.swift; sourceTree = "<group>"; };
		BECFC0C826BC1E49005CC3AE /* Polyline.swift */ = {isa = PBXFileReference; fileEncoding = 4; lastKnownFileType = sourcecode.swift; path = Polyline.swift; sourceTree = "<group>"; };
		BECFC0CC26BC20B9005CC3AE /* RoutesSortBy.swift */ = {isa = PBXFileReference; fileEncoding = 4; lastKnownFileType = sourcecode.swift; path = RoutesSortBy.swift; sourceTree = "<group>"; };
		BECFC0CE26BC20C5005CC3AE /* RoutesShown.swift */ = {isa = PBXFileReference; fileEncoding = 4; lastKnownFileType = sourcecode.swift; path = RoutesShown.swift; sourceTree = "<group>"; };
		BECFC0D226BC2CAC005CC3AE /* FindRoutePointer.swift */ = {isa = PBXFileReference; fileEncoding = 4; lastKnownFileType = sourcecode.swift; path = FindRoutePointer.swift; sourceTree = "<group>"; };
/* End PBXFileReference section */

/* Begin PBXFrameworksBuildPhase section */
		BECFC08C26BAC4A7005CC3AE /* Frameworks */ = {
			isa = PBXFrameworksBuildPhase;
			buildActionMask = 2147483647;
			files = (
			);
			runOnlyForDeploymentPostprocessing = 0;
		};
/* End PBXFrameworksBuildPhase section */

/* Begin PBXGroup section */
		BECFC08626BAC4A7005CC3AE = {
			isa = PBXGroup;
			children = (
				BECFC09126BAC4A7005CC3AE /* RouteMap */,
				BECFC09026BAC4A7005CC3AE /* Products */,
			);
			sourceTree = "<group>";
		};
		BECFC09026BAC4A7005CC3AE /* Products */ = {
			isa = PBXGroup;
			children = (
				BECFC08F26BAC4A7005CC3AE /* RouteMap.app */,
			);
			name = Products;
			sourceTree = "<group>";
		};
		BECFC09126BAC4A7005CC3AE /* RouteMap */ = {
			isa = PBXGroup;
			children = (
				BECFC09226BAC4A7005CC3AE /* RouteMapApp.swift */,
				BECFC09626BAC4AA005CC3AE /* Assets.xcassets */,
				BECFC0AB26BBEE57005CC3AE /* Views */,
				BECFC0AC26BBEE5D005CC3AE /* View Models */,
				BECFC0AD26BBEE6E005CC3AE /* Models */,
				BECFC0C526BC1DDC005CC3AE /* Enums */,
				BECFC0B226BBFFE4005CC3AE /* Extensions */,
			);
			path = RouteMap;
			sourceTree = "<group>";
		};
		BECFC0AB26BBEE57005CC3AE /* Views */ = {
			isa = PBXGroup;
			children = (
				BECFC0BD26BC1A7A005CC3AE /* RootView.swift */,
				BECFC0C126BC1D22005CC3AE /* MapView.swift */,
				BECFC0D226BC2CAC005CC3AE /* FindRoutePointer.swift */,
				BEB8F09F26BC370C00702BB5 /* FloatingMapButtons.swift */,
				BEB8F0A726BC607500702BB5 /* FilterWorkouts.swift */,
				BEB8F0A926BC61B100702BB5 /* DistanceFilterView.swift */,
				BEB8F0A426BC383600702BB5 /* Blur.swift */,
			);
			path = Views;
			sourceTree = "<group>";
		};
		BECFC0AC26BBEE5D005CC3AE /* View Models */ = {
			isa = PBXGroup;
			children = (
				BECFC0B726BC0355005CC3AE /* RoutesVM.swift */,
				BECFC0C326BC1DBC005CC3AE /* MapVM.swift */,
			);
			path = "View Models";
			sourceTree = "<group>";
		};
		BECFC0AD26BBEE6E005CC3AE /* Models */ = {
			isa = PBXGroup;
			children = (
				BECFC0AE26BBEEAC005CC3AE /* Coordinate.swift */,
				BECFC0B026BBEF43005CC3AE /* Church.swift */,
				BECFC0B526BC0175005CC3AE /* Route.swift */,
				BECFC0C826BC1E49005CC3AE /* Polyline.swift */,
				BEB8F0AB26BC627800702BB5 /* RouteFilter.swift */,
				BEB8F0AD26BC628900702BB5 /* RouteFilterType.swift */,
			);
			path = Models;
			sourceTree = "<group>";
		};
		BECFC0B226BBFFE4005CC3AE /* Extensions */ = {
			isa = PBXGroup;
			children = (
				BECFC0B326BBFFF5005CC3AE /* UIColor.swift */,
			);
			path = Extensions;
			sourceTree = "<group>";
		};
		BECFC0C526BC1DDC005CC3AE /* Enums */ = {
			isa = PBXGroup;
			children = (
				BECFC0C626BC1E00005CC3AE /* RoutesSearchState.swift */,
				BECFC0CC26BC20B9005CC3AE /* RoutesSortBy.swift */,
				BECFC0CE26BC20C5005CC3AE /* RoutesShown.swift */,
			);
			path = Enums;
			sourceTree = "<group>";
		};
/* End PBXGroup section */

/* Begin PBXNativeTarget section */
		BECFC08E26BAC4A7005CC3AE /* RouteMap */ = {
			isa = PBXNativeTarget;
			buildConfigurationList = BECFC09D26BAC4AA005CC3AE /* Build configuration list for PBXNativeTarget "RouteMap" */;
			buildPhases = (
				BECFC08B26BAC4A7005CC3AE /* Sources */,
				BECFC08C26BAC4A7005CC3AE /* Frameworks */,
				BECFC08D26BAC4A7005CC3AE /* Resources */,
			);
			buildRules = (
			);
			dependencies = (
			);
			name = RouteMap;
			productName = RouteMap;
			productReference = BECFC08F26BAC4A7005CC3AE /* RouteMap.app */;
			productType = "com.apple.product-type.application";
		};
/* End PBXNativeTarget section */

/* Begin PBXProject section */
		BECFC08726BAC4A7005CC3AE /* Project object */ = {
			isa = PBXProject;
			attributes = {
				BuildIndependentTargetsInParallel = 1;
				LastSwiftUpdateCheck = 1300;
				LastUpgradeCheck = 1300;
				TargetAttributes = {
					BECFC08E26BAC4A7005CC3AE = {
						CreatedOnToolsVersion = 13.0;
					};
				};
			};
			buildConfigurationList = BECFC08A26BAC4A7005CC3AE /* Build configuration list for PBXProject "RouteMap" */;
			compatibilityVersion = "Xcode 13.0";
			developmentRegion = en;
			hasScannedForEncodings = 0;
			knownRegions = (
				en,
				Base,
			);
			mainGroup = BECFC08626BAC4A7005CC3AE;
			productRefGroup = BECFC09026BAC4A7005CC3AE /* Products */;
			projectDirPath = "";
			projectRoot = "";
			targets = (
				BECFC08E26BAC4A7005CC3AE /* RouteMap */,
			);
		};
/* End PBXProject section */

/* Begin PBXResourcesBuildPhase section */
		BECFC08D26BAC4A7005CC3AE /* Resources */ = {
			isa = PBXResourcesBuildPhase;
			buildActionMask = 2147483647;
			files = (
				BECFC09726BAC4AA005CC3AE /* Assets.xcassets in Resources */,
			);
			runOnlyForDeploymentPostprocessing = 0;
		};
/* End PBXResourcesBuildPhase section */

/* Begin PBXSourcesBuildPhase section */
		BECFC08B26BAC4A7005CC3AE /* Sources */ = {
			isa = PBXSourcesBuildPhase;
			buildActionMask = 2147483647;
			files = (
				BECFC0C926BC1E49005CC3AE /* Polyline.swift in Sources */,
				BECFC0B126BBEF43005CC3AE /* Church.swift in Sources */,
				BECFC0C726BC1E00005CC3AE /* RoutesSearchState.swift in Sources */,
				BECFC0B826BC0355005CC3AE /* RoutesVM.swift in Sources */,
				BEB8F0A026BC370D00702BB5 /* FloatingMapButtons.swift in Sources */,
				BEB8F0A526BC383600702BB5 /* Blur.swift in Sources */,
				BECFC09326BAC4A7005CC3AE /* RouteMapApp.swift in Sources */,
				BECFC0BE26BC1A7A005CC3AE /* RootView.swift in Sources */,
				BECFC0D326BC2CAC005CC3AE /* FindRoutePointer.swift in Sources */,
				BECFC0CD26BC20B9005CC3AE /* RoutesSortBy.swift in Sources */,
				BECFC0C426BC1DBC005CC3AE /* MapVM.swift in Sources */,
				BEB8F0AA26BC61B100702BB5 /* DistanceFilterView.swift in Sources */,
				BECFC0B626BC0175005CC3AE /* Route.swift in Sources */,
				BEB8F0AE26BC628900702BB5 /* RouteFilterType.swift in Sources */,
				BECFC0CF26BC20C5005CC3AE /* RoutesShown.swift in Sources */,
				BECFC0AF26BBEEAC005CC3AE /* Coordinate.swift in Sources */,
				BECFC0C226BC1D22005CC3AE /* MapView.swift in Sources */,
				BEB8F0A826BC607500702BB5 /* FilterWorkouts.swift in Sources */,
				BECFC0B426BBFFF5005CC3AE /* UIColor.swift in Sources */,
				BEB8F0AC26BC627800702BB5 /* RouteFilter.swift in Sources */,
			);
			runOnlyForDeploymentPostprocessing = 0;
		};
/* End PBXSourcesBuildPhase section */

/* Begin XCBuildConfiguration section */
		BECFC09B26BAC4AA005CC3AE /* Debug */ = {
			isa = XCBuildConfiguration;
			buildSettings = {
				ALWAYS_SEARCH_USER_PATHS = NO;
				CLANG_ANALYZER_NONNULL = YES;
				CLANG_ANALYZER_NUMBER_OBJECT_CONVERSION = YES_AGGRESSIVE;
				CLANG_CXX_LANGUAGE_STANDARD = "gnu++17";
				CLANG_CXX_LIBRARY = "libc++";
				CLANG_ENABLE_MODULES = YES;
				CLANG_ENABLE_OBJC_ARC = YES;
				CLANG_ENABLE_OBJC_WEAK = YES;
				CLANG_WARN_BLOCK_CAPTURE_AUTORELEASING = YES;
				CLANG_WARN_BOOL_CONVERSION = YES;
				CLANG_WARN_COMMA = YES;
				CLANG_WARN_CONSTANT_CONVERSION = YES;
				CLANG_WARN_DEPRECATED_OBJC_IMPLEMENTATIONS = YES;
				CLANG_WARN_DIRECT_OBJC_ISA_USAGE = YES_ERROR;
				CLANG_WARN_DOCUMENTATION_COMMENTS = YES;
				CLANG_WARN_EMPTY_BODY = YES;
				CLANG_WARN_ENUM_CONVERSION = YES;
				CLANG_WARN_INFINITE_RECURSION = YES;
				CLANG_WARN_INT_CONVERSION = YES;
				CLANG_WARN_NON_LITERAL_NULL_CONVERSION = YES;
				CLANG_WARN_OBJC_IMPLICIT_RETAIN_SELF = YES;
				CLANG_WARN_OBJC_LITERAL_CONVERSION = YES;
				CLANG_WARN_OBJC_ROOT_CLASS = YES_ERROR;
				CLANG_WARN_QUOTED_INCLUDE_IN_FRAMEWORK_HEADER = YES;
				CLANG_WARN_RANGE_LOOP_ANALYSIS = YES;
				CLANG_WARN_STRICT_PROTOTYPES = YES;
				CLANG_WARN_SUSPICIOUS_MOVE = YES;
				CLANG_WARN_UNGUARDED_AVAILABILITY = YES_AGGRESSIVE;
				CLANG_WARN_UNREACHABLE_CODE = YES;
				CLANG_WARN__DUPLICATE_METHOD_MATCH = YES;
				COPY_PHASE_STRIP = NO;
				DEBUG_INFORMATION_FORMAT = dwarf;
				ENABLE_STRICT_OBJC_MSGSEND = YES;
				ENABLE_TESTABILITY = YES;
				GCC_C_LANGUAGE_STANDARD = gnu11;
				GCC_DYNAMIC_NO_PIC = NO;
				GCC_NO_COMMON_BLOCKS = YES;
				GCC_OPTIMIZATION_LEVEL = 0;
				GCC_PREPROCESSOR_DEFINITIONS = (
					"DEBUG=1",
					"$(inherited)",
				);
				GCC_WARN_64_TO_32_BIT_CONVERSION = YES;
				GCC_WARN_ABOUT_RETURN_TYPE = YES_ERROR;
				GCC_WARN_UNDECLARED_SELECTOR = YES;
				GCC_WARN_UNINITIALIZED_AUTOS = YES_AGGRESSIVE;
				GCC_WARN_UNUSED_FUNCTION = YES;
				GCC_WARN_UNUSED_VARIABLE = YES;
				IPHONEOS_DEPLOYMENT_TARGET = 14.0;
				MTL_ENABLE_DEBUG_INFO = INCLUDE_SOURCE;
				MTL_FAST_MATH = YES;
				ONLY_ACTIVE_ARCH = YES;
				SDKROOT = iphoneos;
				SWIFT_ACTIVE_COMPILATION_CONDITIONS = DEBUG;
				SWIFT_OPTIMIZATION_LEVEL = "-Onone";
			};
			name = Debug;
		};
		BECFC09C26BAC4AA005CC3AE /* Release */ = {
			isa = XCBuildConfiguration;
			buildSettings = {
				ALWAYS_SEARCH_USER_PATHS = NO;
				CLANG_ANALYZER_NONNULL = YES;
				CLANG_ANALYZER_NUMBER_OBJECT_CONVERSION = YES_AGGRESSIVE;
				CLANG_CXX_LANGUAGE_STANDARD = "gnu++17";
				CLANG_CXX_LIBRARY = "libc++";
				CLANG_ENABLE_MODULES = YES;
				CLANG_ENABLE_OBJC_ARC = YES;
				CLANG_ENABLE_OBJC_WEAK = YES;
				CLANG_WARN_BLOCK_CAPTURE_AUTORELEASING = YES;
				CLANG_WARN_BOOL_CONVERSION = YES;
				CLANG_WARN_COMMA = YES;
				CLANG_WARN_CONSTANT_CONVERSION = YES;
				CLANG_WARN_DEPRECATED_OBJC_IMPLEMENTATIONS = YES;
				CLANG_WARN_DIRECT_OBJC_ISA_USAGE = YES_ERROR;
				CLANG_WARN_DOCUMENTATION_COMMENTS = YES;
				CLANG_WARN_EMPTY_BODY = YES;
				CLANG_WARN_ENUM_CONVERSION = YES;
				CLANG_WARN_INFINITE_RECURSION = YES;
				CLANG_WARN_INT_CONVERSION = YES;
				CLANG_WARN_NON_LITERAL_NULL_CONVERSION = YES;
				CLANG_WARN_OBJC_IMPLICIT_RETAIN_SELF = YES;
				CLANG_WARN_OBJC_LITERAL_CONVERSION = YES;
				CLANG_WARN_OBJC_ROOT_CLASS = YES_ERROR;
				CLANG_WARN_QUOTED_INCLUDE_IN_FRAMEWORK_HEADER = YES;
				CLANG_WARN_RANGE_LOOP_ANALYSIS = YES;
				CLANG_WARN_STRICT_PROTOTYPES = YES;
				CLANG_WARN_SUSPICIOUS_MOVE = YES;
				CLANG_WARN_UNGUARDED_AVAILABILITY = YES_AGGRESSIVE;
				CLANG_WARN_UNREACHABLE_CODE = YES;
				CLANG_WARN__DUPLICATE_METHOD_MATCH = YES;
				COPY_PHASE_STRIP = NO;
				DEBUG_INFORMATION_FORMAT = "dwarf-with-dsym";
				ENABLE_NS_ASSERTIONS = NO;
				ENABLE_STRICT_OBJC_MSGSEND = YES;
				GCC_C_LANGUAGE_STANDARD = gnu11;
				GCC_NO_COMMON_BLOCKS = YES;
				GCC_WARN_64_TO_32_BIT_CONVERSION = YES;
				GCC_WARN_ABOUT_RETURN_TYPE = YES_ERROR;
				GCC_WARN_UNDECLARED_SELECTOR = YES;
				GCC_WARN_UNINITIALIZED_AUTOS = YES_AGGRESSIVE;
				GCC_WARN_UNUSED_FUNCTION = YES;
				GCC_WARN_UNUSED_VARIABLE = YES;
				IPHONEOS_DEPLOYMENT_TARGET = 14.0;
				MTL_ENABLE_DEBUG_INFO = NO;
				MTL_FAST_MATH = YES;
				SDKROOT = iphoneos;
				SWIFT_COMPILATION_MODE = wholemodule;
				SWIFT_OPTIMIZATION_LEVEL = "-O";
				VALIDATE_PRODUCT = YES;
			};
			name = Release;
		};
		BECFC09E26BAC4AA005CC3AE /* Debug */ = {
			isa = XCBuildConfiguration;
			buildSettings = {
				ASSETCATALOG_COMPILER_APPICON_NAME = AppIcon;
				ASSETCATALOG_COMPILER_GLOBAL_ACCENT_COLOR_NAME = AccentColor;
				ASSETCATALOG_COMPILER_INCLUDE_ALL_APPICON_ASSETS = NO;
				CODE_SIGN_STYLE = Automatic;
				CURRENT_PROJECT_VERSION = 1;
				DEVELOPMENT_ASSET_PATHS = "";
				DEVELOPMENT_TEAM = 4CQW4CFFYT;
				ENABLE_PREVIEWS = YES;
				GENERATE_INFOPLIST_FILE = YES;
				INFOPLIST_KEY_UIApplicationSceneManifest_Generation = YES;
				INFOPLIST_KEY_UIApplicationSupportsIndirectInputEvents = YES;
				INFOPLIST_KEY_UILaunchScreen_Generation = YES;
				INFOPLIST_KEY_UISupportedInterfaceOrientations_iPad = "UIInterfaceOrientationPortrait UIInterfaceOrientationPortraitUpsideDown UIInterfaceOrientationLandscapeLeft UIInterfaceOrientationLandscapeRight";
				INFOPLIST_KEY_UISupportedInterfaceOrientations_iPhone = "UIInterfaceOrientationPortrait UIInterfaceOrientationLandscapeLeft UIInterfaceOrientationLandscapeRight";
				IPHONEOS_DEPLOYMENT_TARGET = 14.0;
				LD_RUNPATH_SEARCH_PATHS = (
					"$(inherited)",
					"@executable_path/Frameworks",
				);
				MARKETING_VERSION = 1.0;
				PRODUCT_BUNDLE_IDENTIFIER = jackfinnis.RouteMap;
				PRODUCT_NAME = "$(TARGET_NAME)";
				SWIFT_EMIT_LOC_STRINGS = YES;
				SWIFT_VERSION = 5.0;
				TARGETED_DEVICE_FAMILY = "1,2";
			};
			name = Debug;
		};
		BECFC09F26BAC4AA005CC3AE /* Release */ = {
			isa = XCBuildConfiguration;
			buildSettings = {
				ASSETCATALOG_COMPILER_APPICON_NAME = AppIcon;
				ASSETCATALOG_COMPILER_GLOBAL_ACCENT_COLOR_NAME = AccentColor;
				ASSETCATALOG_COMPILER_INCLUDE_ALL_APPICON_ASSETS = NO;
				CODE_SIGN_STYLE = Automatic;
				CURRENT_PROJECT_VERSION = 1;
				DEVELOPMENT_ASSET_PATHS = "";
				DEVELOPMENT_TEAM = 4CQW4CFFYT;
				ENABLE_PREVIEWS = YES;
				GENERATE_INFOPLIST_FILE = YES;
				INFOPLIST_KEY_UIApplicationSceneManifest_Generation = YES;
				INFOPLIST_KEY_UIApplicationSupportsIndirectInputEvents = YES;
				INFOPLIST_KEY_UILaunchScreen_Generation = YES;
				INFOPLIST_KEY_UISupportedInterfaceOrientations_iPad = "UIInterfaceOrientationPortrait UIInterfaceOrientationPortraitUpsideDown UIInterfaceOrientationLandscapeLeft UIInterfaceOrientationLandscapeRight";
				INFOPLIST_KEY_UISupportedInterfaceOrientations_iPhone = "UIInterfaceOrientationPortrait UIInterfaceOrientationLandscapeLeft UIInterfaceOrientationLandscapeRight";
				IPHONEOS_DEPLOYMENT_TARGET = 14.0;
				LD_RUNPATH_SEARCH_PATHS = (
					"$(inherited)",
					"@executable_path/Frameworks",
				);
				MARKETING_VERSION = 1.0;
				PRODUCT_BUNDLE_IDENTIFIER = jackfinnis.RouteMap;
				PRODUCT_NAME = "$(TARGET_NAME)";
				SWIFT_EMIT_LOC_STRINGS = YES;
				SWIFT_VERSION = 5.0;
				TARGETED_DEVICE_FAMILY = "1,2";
			};
			name = Release;
		};
/* End XCBuildConfiguration section */

/* Begin XCConfigurationList section */
		BECFC08A26BAC4A7005CC3AE /* Build configuration list for PBXProject "RouteMap" */ = {
			isa = XCConfigurationList;
			buildConfigurations = (
				BECFC09B26BAC4AA005CC3AE /* Debug */,
				BECFC09C26BAC4AA005CC3AE /* Release */,
			);
			defaultConfigurationIsVisible = 0;
			defaultConfigurationName = Release;
		};
		BECFC09D26BAC4AA005CC3AE /* Build configuration list for PBXNativeTarget "RouteMap" */ = {
			isa = XCConfigurationList;
			buildConfigurations = (
				BECFC09E26BAC4AA005CC3AE /* Debug */,
				BECFC09F26BAC4AA005CC3AE /* Release */,
			);
			defaultConfigurationIsVisible = 0;
			defaultConfigurationName = Release;
		};
/* End XCConfigurationList section */
	};
	rootObject = BECFC08726BAC4A7005CC3AE /* Project object */;
}
